
Microsoft Visual Studio Solution File, Format Version 12.00
# Visual Studio Version 17
VisualStudioVersion = 17.4.33213.308
MinimumVisualStudioVersion = 10.0.40219.1
Project("{FAE04EC0-301F-11D3-BF4B-00C04F79EFBC}") = "StarWars.WebApi", "StarWars.WebApi\StarWars.WebApi.csproj", "{75664520-DC6E-48E9-9165-E7DE3762E7ED}"
EndProject
Project("{2150E333-8FDC-42A3-9474-1A3956D46DE8}") = "Solution Items", "Solution Items", "{F4646CA6-F82F-4007-B0A5-CBDB21314537}"
	ProjectSection(SolutionItems) = preProject
		README.md = README.md
	EndProjectSection
EndProject
Project("{00D1A9C2-B5F0-4AF3-8072-F6C62B433612}") = "StarWars.Database", "StarWars.Database\StarWars.Database.sqlproj", "{2E46640E-309B-4E07-84FF-55EAABE098D7}"
EndProject
Project("{FAE04EC0-301F-11D3-BF4B-00C04F79EFBC}") = "StarWars.Data", "StarWars.Data\StarWars.Data.csproj", "{0693B837-F796-492C-95E7-6353407D19E2}"
EndProject
Global
	GlobalSection(SolutionConfigurationPlatforms) = preSolution
		Debug|Any CPU = Debug|Any CPU
		Release|Any CPU = Release|Any CPU
	EndGlobalSection
	GlobalSection(ProjectConfigurationPlatforms) = postSolution
		{75664520-DC6E-48E9-9165-E7DE3762E7ED}.Debug|Any CPU.ActiveCfg = Debug|Any CPU
		{75664520-DC6E-48E9-9165-E7DE3762E7ED}.Debug|Any CPU.Build.0 = Debug|Any CPU
		{75664520-DC6E-48E9-9165-E7DE3762E7ED}.Release|Any CPU.ActiveCfg = Release|Any CPU
		{75664520-DC6E-48E9-9165-E7DE3762E7ED}.Release|Any CPU.Build.0 = Release|Any CPU
		{2E46640E-309B-4E07-84FF-55EAABE098D7}.Debug|Any CPU.ActiveCfg = Debug|Any CPU
		{2E46640E-309B-4E07-84FF-55EAABE098D7}.Debug|Any CPU.Build.0 = Debug|Any CPU
		{2E46640E-309B-4E07-84FF-55EAABE098D7}.Debug|Any CPU.Deploy.0 = Debug|Any CPU
		{2E46640E-309B-4E07-84FF-55EAABE098D7}.Release|Any CPU.ActiveCfg = Release|Any CPU
		{2E46640E-309B-4E07-84FF-55EAABE098D7}.Release|Any CPU.Build.0 = Release|Any CPU
		{2E46640E-309B-4E07-84FF-55EAABE098D7}.Release|Any CPU.Deploy.0 = Release|Any CPU
		{0693B837-F796-492C-95E7-6353407D19E2}.Debug|Any CPU.ActiveCfg = Debug|Any CPU
		{0693B837-F796-492C-95E7-6353407D19E2}.Debug|Any CPU.Build.0 = Debug|Any CPU
		{0693B837-F796-492C-95E7-6353407D19E2}.Release|Any CPU.ActiveCfg = Release|Any CPU
		{0693B837-F796-492C-95E7-6353407D19E2}.Release|Any CPU.Build.0 = Release|Any CPU
	EndGlobalSection
	GlobalSection(SolutionProperties) = preSolution
		HideSolutionNode = FALSE
	EndGlobalSection
	GlobalSection(ExtensibilityGlobals) = postSolution
		SolutionGuid = {0A1B42A5-BCB0-44F4-B72A-6CDEC759F1A2}
	EndGlobalSection
EndGlobal
